
Microsoft Visual Studio Solution File, Format Version 12.00
Project("{FAE04EC0-301F-11D3-BF4B-00C04F79EFBC}") = "AtlasTestTask", "AtlasTestTask\AtlasTestTask.csproj", "{894C63CD-1827-4023-B4A9-57FBACBBF027}"
EndProject
Global
	GlobalSection(SolutionConfigurationPlatforms) = preSolution
		Debug|Any CPU = Debug|Any CPU
		Release|Any CPU = Release|Any CPU
	EndGlobalSection
	GlobalSection(ProjectConfigurationPlatforms) = postSolution
		{894C63CD-1827-4023-B4A9-57FBACBBF027}.Debug|Any CPU.ActiveCfg = Debug|Any CPU
		{894C63CD-1827-4023-B4A9-57FBACBBF027}.Debug|Any CPU.Build.0 = Debug|Any CPU
		{894C63CD-1827-4023-B4A9-57FBACBBF027}.Release|Any CPU.ActiveCfg = Release|Any CPU
		{894C63CD-1827-4023-B4A9-57FBACBBF027}.Release|Any CPU.Build.0 = Release|Any CPU
	EndGlobalSection
EndGlobal
